<?xml version="1.0" encoding="utf-8"?>
<Project ToolsVersion="4.0" xmlns="http://schemas.microsoft.com/developer/msbuild/2003">
  <ItemGroup>
    <Filter Include="Source Files">
      <UniqueIdentifier>{4FC737F1-C7A5-4376-A066-2A32D752A2FF}</UniqueIdentifier>
      <Extensions>cpp;c;cc;cxx;def;odl;idl;hpj;bat;asm;asmx</Extensions>
    </Filter>
    <Filter Include="Header Files">
      <UniqueIdentifier>{93995380-89BD-4b04-88EB-625FBE52EBFB}</UniqueIdentifier>
      <Extensions>h;hh;hpp;hxx;hm;inl;inc;xsd</Extensions>
    </Filter>
    <Filter Include="Resource Files">
      <UniqueIdentifier>{67DA6AB6-F800-4c08-8B7A-83BB121AAD01}</UniqueIdentifier>
      <Extensions>rc;ico;cur;bmp;dlg;rc2;rct;bin;rgs;gif;jpg;jpeg;jpe;resx;tiff;tif;png;wav;mfcribbon-ms</Extensions>
    </Filter>
    <Filter Include="Header Files\3rd party">
      <UniqueIdentifier>{903d0acb-c359-4d65-8473-74f74458135a}</UniqueIdentifier>
    </Filter>
    <Filter Include="Source Files\3rd party">
      <UniqueIdentifier>{aa50d576-857d-4efc-bf01-925fd2729633}</UniqueIdentifier>
    </Filter>
    <Filter Include="Header Files\3rd party\freetype">
      <UniqueIdentifier>{b896a628-180d-4f1a-8101-4061e41788fb}</UniqueIdentifier>
    </Filter>
    <Filter Include="Header Files\3rd party\freetype\config">
      <UniqueIdentifier>{20b9983e-d44d-4031-b1d3-67a74eb617a5}</UniqueIdentifier>
    </Filter>
    <Filter Include="Header Files\3rd party\freetype\internal">
      <UniqueIdentifier>{640aeef9-b8b1-4331-aba2-ca54bc0eca17}</UniqueIdentifier>
    </Filter>
    <Filter Include="Header Files\3rd party\freetype\internal\services">
      <UniqueIdentifier>{8704ce98-3473-4da4-b519-e2f57a4742ad}</UniqueIdentifier>
    </Filter>
  </ItemGroup>
  <ItemGroup>
    <ClCompile Include="..\..\src\main.cpp">
      <Filter>Source Files</Filter>
    </ClCompile>
    <ClCompile Include="..\..\src\Crosy.cpp">
      <Filter>Source Files</Filter>
    </ClCompile>
    <ClCompile Include="..\..\src\Program.cpp">
      <Filter>Source Files</Filter>
    </ClCompile>
    <ClCompile Include="..\..\src\Shader.cpp">
      <Filter>Source Files</Filter>
    </ClCompile>
    <ClCompile Include="..\..\src\FpsCounter.cpp">
      <Filter>Source Files</Filter>
    </ClCompile>
    <ClCompile Include="..\..\src\Figure.cpp">
      <Filter>Source Files</Filter>
    </ClCompile>
    <ClCompile Include="..\..\src\Globals.cpp">
      <Filter>Source Files</Filter>
    </ClCompile>
    <ClCompile Include="..\..\src\Cell.cpp">
      <Filter>Source Files</Filter>
    </ClCompile>
    <ClCompile Include="..\..\src\DropTrail.cpp">
      <Filter>Source Files</Filter>
    </ClCompile>
    <ClCompile Include="..\..\src\DropSparkle.cpp">
      <Filter>Source Files</Filter>
    </ClCompile>
    <ClCompile Include="..\..\src\Application.cpp">
      <Filter>Source Files</Filter>
    </ClCompile>
    <ClCompile Include="..\..\src\OpenGLApplication.cpp">
      <Filter>Source Files</Filter>
    </ClCompile>
    <ClCompile Include="..\..\src\OpenGLRender.cpp">
      <Filter>Source Files</Filter>
    </ClCompile>
    <ClCompile Include="..\..\src\GameLogic.cpp">
      <Filter>Source Files</Filter>
    </ClCompile>
    <ClCompile Include="..\..\src\Keys.cpp">
      <Filter>Source Files</Filter>
    </ClCompile>
    <ClCompile Include="..\..\src\Control.cpp">
      <Filter>Source Files</Filter>
    </ClCompile>
    <ClCompile Include="..\..\src\MenuLogic.cpp">
      <Filter>Source Files</Filter>
    </ClCompile>
    <ClCompile Include="..\..\src\InterfaceLogic.cpp">
      <Filter>Source Files</Filter>
    </ClCompile>
    <ClCompile Include="..\..\src\Time.cpp">
      <Filter>Source Files</Filter>
    </ClCompile>
    <ClCompile Include="..\..\src\SettingsLogic.cpp">
      <Filter>Source Files</Filter>
    </ClCompile>
    <ClCompile Include="..\..\src\Layout.cpp">
      <Filter>Source Files</Filter>
    </ClCompile>
    <ClCompile Include="..\..\src\LayoutObject.cpp">
      <Filter>Source Files</Filter>
    </ClCompile>
    <ClCompile Include="..\..\src\Palette.cpp">
      <Filter>Source Files</Filter>
    </ClCompile>
    <ClCompile Include="..\..\src\Binding.cpp">
      <Filter>Source Files</Filter>
    </ClCompile>
    <ClCompile Include="..\..\src\LeaderboardLogic.cpp">
      <Filter>Source Files</Filter>
    </ClCompile>
    <ClCompile Include="..\..\src\Logic.cpp">
      <Filter>Source Files</Filter>
    </ClCompile>
    <ClCompile Include="..\..\src\Sound.cpp">
      <Filter>Source Files</Filter>
    </ClCompile>
    <ClCompile Include="..\..\src\CellArray.cpp">
      <Filter>Source Files</Filter>
    </ClCompile>
    <ClCompile Include="..\..\src\Field.cpp">
      <Filter>Source Files</Filter>
    </ClCompile>
    <ClCompile Include="..\..\src\sdff_font.cpp">
      <Filter>Source Files</Filter>
    </ClCompile>
  </ItemGroup>
  <ItemGroup>
    <ClInclude Include="..\..\src\Crosy.h">
      <Filter>Header Files</Filter>
    </ClInclude>
    <ClInclude Include="..\..\src\Program.h">
      <Filter>Header Files</Filter>
    </ClInclude>
    <ClInclude Include="..\..\src\Shader.h">
      <Filter>Header Files</Filter>
    </ClInclude>
    <ClInclude Include="..\..\src\FpsCounter.h">
      <Filter>Header Files</Filter>
    </ClInclude>
    <ClInclude Include="..\..\src\Figure.h">
      <Filter>Header Files</Filter>
    </ClInclude>
    <ClInclude Include="..\..\src\Globals.h">
      <Filter>Header Files</Filter>
    </ClInclude>
    <ClInclude Include="..\..\src\Cell.h">
      <Filter>Header Files</Filter>
    </ClInclude>
    <ClInclude Include="..\..\src\DropTrail.h">
      <Filter>Header Files</Filter>
    </ClInclude>
    <ClInclude Include="..\..\src\DropSparkle.h">
      <Filter>Header Files</Filter>
    </ClInclude>
    <ClInclude Include="..\..\src\static_headers.h">
      <Filter>Header Files</Filter>
    </ClInclude>
    <ClInclude Include="..\..\src\Application.h">
      <Filter>Header Files</Filter>
    </ClInclude>
    <ClInclude Include="..\..\src\OpenGLApplication.h">
      <Filter>Header Files</Filter>
    </ClInclude>
    <ClInclude Include="..\..\src\OpenGLRender.h">
      <Filter>Header Files</Filter>
    </ClInclude>
    <ClInclude Include="..\..\src\GameLogic.h">
      <Filter>Header Files</Filter>
    </ClInclude>
    <ClInclude Include="..\..\src\Keys.h">
      <Filter>Header Files</Filter>
    </ClInclude>
    <ClInclude Include="..\..\src\Control.h">
      <Filter>Header Files</Filter>
    </ClInclude>
    <ClInclude Include="..\..\src\MenuLogic.h">
      <Filter>Header Files</Filter>
    </ClInclude>
    <ClInclude Include="..\..\src\InterfaceLogic.h">
      <Filter>Header Files</Filter>
    </ClInclude>
    <ClInclude Include="..\..\src\Time.h">
      <Filter>Header Files</Filter>
    </ClInclude>
    <ClInclude Include="..\..\src\SettingsLogic.h">
      <Filter>Header Files</Filter>
    </ClInclude>
    <ClInclude Include="..\..\src\Layout.h">
      <Filter>Header Files</Filter>
    </ClInclude>
    <ClInclude Include="..\..\src\LayoutObject.h">
      <Filter>Header Files</Filter>
    </ClInclude>
    <ClInclude Include="..\..\src\Palette.h">
      <Filter>Header Files</Filter>
    </ClInclude>
    <ClInclude Include="..\..\src\Binding.h">
      <Filter>Header Files</Filter>
    </ClInclude>
    <ClInclude Include="..\..\src\LeaderboardLogic.h">
      <Filter>Header Files</Filter>
    </ClInclude>
    <ClInclude Include="..\..\src\Logic.h">
      <Filter>Header Files</Filter>
    </ClInclude>
    <ClInclude Include="..\..\src\Sound.h">
      <Filter>Header Files</Filter>
    </ClInclude>
    <ClInclude Include="..\..\src\3rdParty\freetype\freetype.h">
      <Filter>Header Files\3rd party\freetype</Filter>
    </ClInclude>
    <ClInclude Include="..\..\src\3rdParty\freetype\ftadvanc.h">
      <Filter>Header Files\3rd party\freetype</Filter>
    </ClInclude>
    <ClInclude Include="..\..\src\3rdParty\freetype\ftautoh.h">
      <Filter>Header Files\3rd party\freetype</Filter>
    </ClInclude>
    <ClInclude Include="..\..\src\3rdParty\freetype\ftbbox.h">
      <Filter>Header Files\3rd party\freetype</Filter>
    </ClInclude>
    <ClInclude Include="..\..\src\3rdParty\freetype\ftbdf.h">
      <Filter>Header Files\3rd party\freetype</Filter>
    </ClInclude>
    <ClInclude Include="..\..\src\3rdParty\freetype\ftbitmap.h">
      <Filter>Header Files\3rd party\freetype</Filter>
    </ClInclude>
    <ClInclude Include="..\..\src\3rdParty\freetype\ftbzip2.h">
      <Filter>Header Files\3rd party\freetype</Filter>
    </ClInclude>
    <ClInclude Include="..\..\src\3rdParty\freetype\ftcache.h">
      <Filter>Header Files\3rd party\freetype</Filter>
    </ClInclude>
    <ClInclude Include="..\..\src\3rdParty\freetype\ftcffdrv.h">
      <Filter>Header Files\3rd party\freetype</Filter>
    </ClInclude>
    <ClInclude Include="..\..\src\3rdParty\freetype\ftchapters.h">
      <Filter>Header Files\3rd party\freetype</Filter>
    </ClInclude>
    <ClInclude Include="..\..\src\3rdParty\freetype\ftcid.h">
      <Filter>Header Files\3rd party\freetype</Filter>
    </ClInclude>
    <ClInclude Include="..\..\src\3rdParty\freetype\fterrdef.h">
      <Filter>Header Files\3rd party\freetype</Filter>
    </ClInclude>
    <ClInclude Include="..\..\src\3rdParty\freetype\fterrors.h">
      <Filter>Header Files\3rd party\freetype</Filter>
    </ClInclude>
    <ClInclude Include="..\..\src\3rdParty\freetype\ftfntfmt.h">
      <Filter>Header Files\3rd party\freetype</Filter>
    </ClInclude>
    <ClInclude Include="..\..\src\3rdParty\freetype\ftgasp.h">
      <Filter>Header Files\3rd party\freetype</Filter>
    </ClInclude>
    <ClInclude Include="..\..\src\3rdParty\freetype\ftglyph.h">
      <Filter>Header Files\3rd party\freetype</Filter>
    </ClInclude>
    <ClInclude Include="..\..\src\3rdParty\freetype\ftgxval.h">
      <Filter>Header Files\3rd party\freetype</Filter>
    </ClInclude>
    <ClInclude Include="..\..\src\3rdParty\freetype\ftgzip.h">
      <Filter>Header Files\3rd party\freetype</Filter>
    </ClInclude>
    <ClInclude Include="..\..\src\3rdParty\freetype\ftimage.h">
      <Filter>Header Files\3rd party\freetype</Filter>
    </ClInclude>
    <ClInclude Include="..\..\src\3rdParty\freetype\ftincrem.h">
      <Filter>Header Files\3rd party\freetype</Filter>
    </ClInclude>
    <ClInclude Include="..\..\src\3rdParty\freetype\ftlcdfil.h">
      <Filter>Header Files\3rd party\freetype</Filter>
    </ClInclude>
    <ClInclude Include="..\..\src\3rdParty\freetype\ftlist.h">
      <Filter>Header Files\3rd party\freetype</Filter>
    </ClInclude>
    <ClInclude Include="..\..\src\3rdParty\freetype\ftlzw.h">
      <Filter>Header Files\3rd party\freetype</Filter>
    </ClInclude>
    <ClInclude Include="..\..\src\3rdParty\freetype\ftmac.h">
      <Filter>Header Files\3rd party\freetype</Filter>
    </ClInclude>
    <ClInclude Include="..\..\src\3rdParty\freetype\ftmm.h">
      <Filter>Header Files\3rd party\freetype</Filter>
    </ClInclude>
    <ClInclude Include="..\..\src\3rdParty\freetype\ftmodapi.h">
      <Filter>Header Files\3rd party\freetype</Filter>
    </ClInclude>
    <ClInclude Include="..\..\src\3rdParty\freetype\ftmoderr.h">
      <Filter>Header Files\3rd party\freetype</Filter>
    </ClInclude>
    <ClInclude Include="..\..\src\3rdParty\freetype\ftotval.h">
      <Filter>Header Files\3rd party\freetype</Filter>
    </ClInclude>
    <ClInclude Include="..\..\src\3rdParty\freetype\ftoutln.h">
      <Filter>Header Files\3rd party\freetype</Filter>
    </ClInclude>
    <ClInclude Include="..\..\src\3rdParty\freetype\ftpfr.h">
      <Filter>Header Files\3rd party\freetype</Filter>
    </ClInclude>
    <ClInclude Include="..\..\src\3rdParty\freetype\ftrender.h">
      <Filter>Header Files\3rd party\freetype</Filter>
    </ClInclude>
    <ClInclude Include="..\..\src\3rdParty\freetype\ftsizes.h">
      <Filter>Header Files\3rd party\freetype</Filter>
    </ClInclude>
    <ClInclude Include="..\..\src\3rdParty\freetype\ftsnames.h">
      <Filter>Header Files\3rd party\freetype</Filter>
    </ClInclude>
    <ClInclude Include="..\..\src\3rdParty\freetype\ftstroke.h">
      <Filter>Header Files\3rd party\freetype</Filter>
    </ClInclude>
    <ClInclude Include="..\..\src\3rdParty\freetype\ftsynth.h">
      <Filter>Header Files\3rd party\freetype</Filter>
    </ClInclude>
    <ClInclude Include="..\..\src\3rdParty\freetype\ftsystem.h">
      <Filter>Header Files\3rd party\freetype</Filter>
    </ClInclude>
    <ClInclude Include="..\..\src\3rdParty\freetype\fttrigon.h">
      <Filter>Header Files\3rd party\freetype</Filter>
    </ClInclude>
    <ClInclude Include="..\..\src\3rdParty\freetype\ftttdrv.h">
      <Filter>Header Files\3rd party\freetype</Filter>
    </ClInclude>
    <ClInclude Include="..\..\src\3rdParty\freetype\fttypes.h">
      <Filter>Header Files\3rd party\freetype</Filter>
    </ClInclude>
    <ClInclude Include="..\..\src\3rdParty\freetype\ftwinfnt.h">
      <Filter>Header Files\3rd party\freetype</Filter>
    </ClInclude>
    <ClInclude Include="..\..\src\3rdParty\freetype\t1tables.h">
      <Filter>Header Files\3rd party\freetype</Filter>
    </ClInclude>
    <ClInclude Include="..\..\src\3rdParty\freetype\ttnameid.h">
      <Filter>Header Files\3rd party\freetype</Filter>
    </ClInclude>
    <ClInclude Include="..\..\src\3rdParty\freetype\tttables.h">
      <Filter>Header Files\3rd party\freetype</Filter>
    </ClInclude>
    <ClInclude Include="..\..\src\3rdParty\freetype\tttags.h">
      <Filter>Header Files\3rd party\freetype</Filter>
    </ClInclude>
    <ClInclude Include="..\..\src\3rdParty\freetype\ttunpat.h">
      <Filter>Header Files\3rd party\freetype</Filter>
    </ClInclude>
    <ClInclude Include="..\..\src\3rdParty\freetype\config\ftconfig.h">
      <Filter>Header Files\3rd party\freetype\config</Filter>
    </ClInclude>
    <ClInclude Include="..\..\src\3rdParty\freetype\config\ftheader.h">
      <Filter>Header Files\3rd party\freetype\config</Filter>
    </ClInclude>
    <ClInclude Include="..\..\src\3rdParty\freetype\config\ftmodule.h">
      <Filter>Header Files\3rd party\freetype\config</Filter>
    </ClInclude>
    <ClInclude Include="..\..\src\3rdParty\freetype\config\ftoption.h">
      <Filter>Header Files\3rd party\freetype\config</Filter>
    </ClInclude>
    <ClInclude Include="..\..\src\3rdParty\freetype\config\ftstdlib.h">
      <Filter>Header Files\3rd party\freetype\config</Filter>
    </ClInclude>
    <ClInclude Include="..\..\src\3rdParty\freetype\internal\autohint.h">
      <Filter>Header Files\3rd party\freetype\internal</Filter>
    </ClInclude>
    <ClInclude Include="..\..\src\3rdParty\freetype\internal\ftcalc.h">
      <Filter>Header Files\3rd party\freetype\internal</Filter>
    </ClInclude>
    <ClInclude Include="..\..\src\3rdParty\freetype\internal\ftdebug.h">
      <Filter>Header Files\3rd party\freetype\internal</Filter>
    </ClInclude>
    <ClInclude Include="..\..\src\3rdParty\freetype\internal\ftdriver.h">
      <Filter>Header Files\3rd party\freetype\internal</Filter>
    </ClInclude>
    <ClInclude Include="..\..\src\3rdParty\freetype\internal\ftgloadr.h">
      <Filter>Header Files\3rd party\freetype\internal</Filter>
    </ClInclude>
    <ClInclude Include="..\..\src\3rdParty\freetype\internal\ftmemory.h">
      <Filter>Header Files\3rd party\freetype\internal</Filter>
    </ClInclude>
    <ClInclude Include="..\..\src\3rdParty\freetype\internal\ftobjs.h">
      <Filter>Header Files\3rd party\freetype\internal</Filter>
    </ClInclude>
    <ClInclude Include="..\..\src\3rdParty\freetype\internal\ftpic.h">
      <Filter>Header Files\3rd party\freetype\internal</Filter>
    </ClInclude>
    <ClInclude Include="..\..\src\3rdParty\freetype\internal\ftrfork.h">
      <Filter>Header Files\3rd party\freetype\internal</Filter>
    </ClInclude>
    <ClInclude Include="..\..\src\3rdParty\freetype\internal\ftserv.h">
      <Filter>Header Files\3rd party\freetype\internal</Filter>
    </ClInclude>
    <ClInclude Include="..\..\src\3rdParty\freetype\internal\ftstream.h">
      <Filter>Header Files\3rd party\freetype\internal</Filter>
    </ClInclude>
    <ClInclude Include="..\..\src\3rdParty\freetype\internal\fttrace.h">
      <Filter>Header Files\3rd party\freetype\internal</Filter>
    </ClInclude>
    <ClInclude Include="..\..\src\3rdParty\freetype\internal\ftvalid.h">
      <Filter>Header Files\3rd party\freetype\internal</Filter>
    </ClInclude>
    <ClInclude Include="..\..\src\3rdParty\freetype\internal\internal.h">
      <Filter>Header Files\3rd party\freetype\internal</Filter>
    </ClInclude>
    <ClInclude Include="..\..\src\3rdParty\freetype\internal\psaux.h">
      <Filter>Header Files\3rd party\freetype\internal</Filter>
    </ClInclude>
    <ClInclude Include="..\..\src\3rdParty\freetype\internal\pshints.h">
      <Filter>Header Files\3rd party\freetype\internal</Filter>
    </ClInclude>
    <ClInclude Include="..\..\src\3rdParty\freetype\internal\sfnt.h">
      <Filter>Header Files\3rd party\freetype\internal</Filter>
    </ClInclude>
    <ClInclude Include="..\..\src\3rdParty\freetype\internal\t1types.h">
      <Filter>Header Files\3rd party\freetype\internal</Filter>
    </ClInclude>
    <ClInclude Include="..\..\src\3rdParty\freetype\internal\tttypes.h">
      <Filter>Header Files\3rd party\freetype\internal</Filter>
    </ClInclude>
    <ClInclude Include="..\..\src\3rdParty\freetype\internal\services\svbdf.h">
      <Filter>Header Files\3rd party\freetype\internal\services</Filter>
    </ClInclude>
    <ClInclude Include="..\..\src\3rdParty\freetype\internal\services\svcid.h">
      <Filter>Header Files\3rd party\freetype\internal\services</Filter>
    </ClInclude>
    <ClInclude Include="..\..\src\3rdParty\freetype\internal\services\svfntfmt.h">
      <Filter>Header Files\3rd party\freetype\internal\services</Filter>
    </ClInclude>
    <ClInclude Include="..\..\src\3rdParty\freetype\internal\services\svgldict.h">
      <Filter>Header Files\3rd party\freetype\internal\services</Filter>
    </ClInclude>
    <ClInclude Include="..\..\src\3rdParty\freetype\internal\services\svgxval.h">
      <Filter>Header Files\3rd party\freetype\internal\services</Filter>
    </ClInclude>
    <ClInclude Include="..\..\src\3rdParty\freetype\internal\services\svkern.h">
      <Filter>Header Files\3rd party\freetype\internal\services</Filter>
    </ClInclude>
    <ClInclude Include="..\..\src\3rdParty\freetype\internal\services\svmm.h">
      <Filter>Header Files\3rd party\freetype\internal\services</Filter>
    </ClInclude>
    <ClInclude Include="..\..\src\3rdParty\freetype\internal\services\svotval.h">
      <Filter>Header Files\3rd party\freetype\internal\services</Filter>
    </ClInclude>
    <ClInclude Include="..\..\src\3rdParty\freetype\internal\services\svpfr.h">
      <Filter>Header Files\3rd party\freetype\internal\services</Filter>
    </ClInclude>
    <ClInclude Include="..\..\src\3rdParty\freetype\internal\services\svpostnm.h">
      <Filter>Header Files\3rd party\freetype\internal\services</Filter>
    </ClInclude>
    <ClInclude Include="..\..\src\3rdParty\freetype\internal\services\svprop.h">
      <Filter>Header Files\3rd party\freetype\internal\services</Filter>
    </ClInclude>
    <ClInclude Include="..\..\src\3rdParty\freetype\internal\services\svpscmap.h">
      <Filter>Header Files\3rd party\freetype\internal\services</Filter>
    </ClInclude>
    <ClInclude Include="..\..\src\3rdParty\freetype\internal\services\svpsinfo.h">
      <Filter>Header Files\3rd party\freetype\internal\services</Filter>
    </ClInclude>
    <ClInclude Include="..\..\src\3rdParty\freetype\internal\services\svsfnt.h">
      <Filter>Header Files\3rd party\freetype\internal\services</Filter>
    </ClInclude>
    <ClInclude Include="..\..\src\3rdParty\freetype\internal\services\svttcmap.h">
      <Filter>Header Files\3rd party\freetype\internal\services</Filter>
    </ClInclude>
    <ClInclude Include="..\..\src\3rdParty\freetype\internal\services\svtteng.h">
      <Filter>Header Files\3rd party\freetype\internal\services</Filter>
    </ClInclude>
    <ClInclude Include="..\..\src\3rdParty\freetype\internal\services\svttglyf.h">
      <Filter>Header Files\3rd party\freetype\internal\services</Filter>
    </ClInclude>
    <ClInclude Include="..\..\src\3rdParty\freetype\internal\services\svwinfnt.h">
      <Filter>Header Files\3rd party\freetype\internal\services</Filter>
    </ClInclude>
    <ClInclude Include="..\..\src\CellArray.h">
      <Filter>Header Files</Filter>
    </ClInclude>
    <ClInclude Include="..\..\src\Field.h">
      <Filter>Header Files</Filter>
    </ClInclude>
    <ClInclude Include="..\..\src\sdff_error.h">
      <Filter>Header Files</Filter>
    </ClInclude>
    <ClInclude Include="..\..\src\sdff_font.h">
      <Filter>Header Files</Filter>
    </ClInclude>
    <ClInclude Include="..\..\src\sdff_glyph.h">
      <Filter>Header Files</Filter>
    </ClInclude>
  </ItemGroup>
</Project>